
Microsoft Visual Studio Solution File, Format Version 12.00
# Visual Studio Version 16
VisualStudioVersion = 16.0.31624.102
MinimumVisualStudioVersion = 10.0.40219.1
Project("{FAE04EC0-301F-11D3-BF4B-00C04F79EFBC}") = "Khdoum.Api", "Khdoum.Api\Khdoum.Api.csproj", "{B96071A3-2B95-4B0D-9F40-76C8B84E44E6}"
EndProject
Project("{FAE04EC0-301F-11D3-BF4B-00C04F79EFBC}") = "Khdoum.UI", "Khdoum.UI\Khdoum.UI.csproj", "{49F05F29-710C-47CF-A9FE-AA5EEE2CE3CB}"
EndProject
Global
	GlobalSection(SolutionConfigurationPlatforms) = preSolution
		Debug|Any CPU = Debug|Any CPU
		Release|Any CPU = Release|Any CPU
	EndGlobalSection
	GlobalSection(ProjectConfigurationPlatforms) = postSolution
		{B96071A3-2B95-4B0D-9F40-76C8B84E44E6}.Debug|Any CPU.ActiveCfg = Debug|Any CPU
		{B96071A3-2B95-4B0D-9F40-76C8B84E44E6}.Debug|Any CPU.Build.0 = Debug|Any CPU
		{B96071A3-2B95-4B0D-9F40-76C8B84E44E6}.Release|Any CPU.ActiveCfg = Release|Any CPU
		{B96071A3-2B95-4B0D-9F40-76C8B84E44E6}.Release|Any CPU.Build.0 = Release|Any CPU
		{49F05F29-710C-47CF-A9FE-AA5EEE2CE3CB}.Debug|Any CPU.ActiveCfg = Debug|Any CPU
		{49F05F29-710C-47CF-A9FE-AA5EEE2CE3CB}.Debug|Any CPU.Build.0 = Debug|Any CPU
		{49F05F29-710C-47CF-A9FE-AA5EEE2CE3CB}.Release|Any CPU.ActiveCfg = Release|Any CPU
		{49F05F29-710C-47CF-A9FE-AA5EEE2CE3CB}.Release|Any CPU.Build.0 = Release|Any CPU
	EndGlobalSection
	GlobalSection(SolutionProperties) = preSolution
		HideSolutionNode = FALSE
	EndGlobalSection
	GlobalSection(ExtensibilityGlobals) = postSolution
		SolutionGuid = {327302C0-504F-49D2-B468-7F439D430D33}
	EndGlobalSection
EndGlobal
